
Microsoft Visual Studio Solution File, Format Version 12.00
# Visual Studio Version 17
VisualStudioVersion = 17.8.34330.188
MinimumVisualStudioVersion = 10.0.40219.1
Project("{8BC9CEB8-8B4A-11D0-8D11-00A0C91BC942}") = "Copy", "Copy.vcxproj", "{2814AB08-B72A-4A9B-AF14-B104540B05ED}"
EndProject
Global
	GlobalSection(SolutionConfigurationPlatforms) = preSolution
		Debug|x64 = Debug|x64
		Debug|x86 = Debug|x86
		Release|x64 = Release|x64
		Release|x86 = Release|x86
	EndGlobalSection
	GlobalSection(ProjectConfigurationPlatforms) = postSolution
		{2814AB08-B72A-4A9B-AF14-B104540B05ED}.Debug|x64.ActiveCfg = Debug|x64
		{2814AB08-B72A-4A9B-AF14-B104540B05ED}.Debug|x64.Build.0 = Debug|x64
		{2814AB08-B72A-4A9B-AF14-B104540B05ED}.Debug|x86.ActiveCfg = Debug|Win32
		{2814AB08-B72A-4A9B-AF14-B104540B05ED}.Debug|x86.Build.0 = Debug|Win32
		{2814AB08-B72A-4A9B-AF14-B104540B05ED}.Release|x64.ActiveCfg = Release|x64
		{2814AB08-B72A-4A9B-AF14-B104540B05ED}.Release|x64.Build.0 = Release|x64
		{2814AB08-B72A-4A9B-AF14-B104540B05ED}.Release|x86.ActiveCfg = Release|Win32
		{2814AB08-B72A-4A9B-AF14-B104540B05ED}.Release|x86.Build.0 = Release|Win32
	EndGlobalSection
	GlobalSection(SolutionProperties) = preSolution
		HideSolutionNode = FALSE
	EndGlobalSection
	GlobalSection(ExtensibilityGlobals) = postSolution
		SolutionGuid = {A4BF0575-E2B0-4BC4-A0C4-759B0986EC57}
	EndGlobalSection
EndGlobal
